// !$*UTF8*$!
{
	archiveVersion = 1;
	classes = {
	};
	objectVersion = 46;
	objects = {

/* Begin PBXBuildFile section */
		82023FAE1BC3591A005EDB34 /* GetDataTools.m in Sources */ = {isa = PBXBuildFile; fileRef = 82023FAD1BC3591A005EDB34 /* GetDataTools.m */; };
		82023FB11BC35AE0005EDB34 /* MusicInfoModel.m in Sources */ = {isa = PBXBuildFile; fileRef = 82023FB01BC35AE0005EDB34 /* MusicInfoModel.m */; };
		82023FB41BC35AEF005EDB34 /* MusicLyricModel.m in Sources */ = {isa = PBXBuildFile; fileRef = 82023FB31BC35AEF005EDB34 /* MusicLyricModel.m */; };
		820D1D991BC226830003CFAC /* main.m in Sources */ = {isa = PBXBuildFile; fileRef = 820D1D981BC226830003CFAC /* main.m */; };
		820D1DA21BC226830003CFAC /* Main.storyboard in Resources */ = {isa = PBXBuildFile; fileRef = 820D1DA01BC226830003CFAC /* Main.storyboard */; };
		820D1DA41BC226830003CFAC /* Images.xcassets in Resources */ = {isa = PBXBuildFile; fileRef = 820D1DA31BC226830003CFAC /* Images.xcassets */; };
		820D1DA71BC226830003CFAC /* LaunchScreen.xib in Resources */ = {isa = PBXBuildFile; fileRef = 820D1DA51BC226830003CFAC /* LaunchScreen.xib */; };
		820D1DB31BC226830003CFAC /* MusicPlayerTests.m in Sources */ = {isa = PBXBuildFile; fileRef = 820D1DB21BC226830003CFAC /* MusicPlayerTests.m */; };
		820D1DD61BC228480003CFAC /* AppDelegate.m in Sources */ = {isa = PBXBuildFile; fileRef = 820D1DC21BC228480003CFAC /* AppDelegate.m */; };
		820D1DD71BC228480003CFAC /* MusicListTableViewController.m in Sources */ = {isa = PBXBuildFile; fileRef = 820D1DC71BC228480003CFAC /* MusicListTableViewController.m */; };
		82FDCF6F1BC2597100AF61A4 /* MusicListTableViewCell.m in Sources */ = {isa = PBXBuildFile; fileRef = 82FDCF6D1BC2597100AF61A4 /* MusicListTableViewCell.m */; };
		82FDCF701BC2597100AF61A4 /* MusicListTableViewCell.xib in Resources */ = {isa = PBXBuildFile; fileRef = 82FDCF6E1BC2597100AF61A4 /* MusicListTableViewCell.xib */; };
		82FDCF731BC2635E00AF61A4 /* MusicPlayViewController.m in Sources */ = {isa = PBXBuildFile; fileRef = 82FDCF721BC2635E00AF61A4 /* MusicPlayViewController.m */; };
		82FDCF791BC269BE00AF61A4 /* MusicPlayView.m in Sources */ = {isa = PBXBuildFile; fileRef = 82FDCF781BC269BE00AF61A4 /* MusicPlayView.m */; };
		82FE9FF61BC371D70013A051 /* MusicPlayTools.m in Sources */ = {isa = PBXBuildFile; fileRef = 82FE9FF51BC371D70013A051 /* MusicPlayTools.m */; };
		C2B08AE91BC62EB9001E46F6 /* icon.png in Resources */ = {isa = PBXBuildFile; fileRef = C2B08AE81BC62EB9001E46F6 /* icon.png */; };
		C2B313F01BCCA12D0058A011 /* RegisterView.m in Sources */ = {isa = PBXBuildFile; fileRef = C2B313EF1BCCA12D0058A011 /* RegisterView.m */; };
		C2B313F31BCCA14F0058A011 /* LoginView.m in Sources */ = {isa = PBXBuildFile; fileRef = C2B313F21BCCA14F0058A011 /* LoginView.m */; };
		C2B313F61BCCA16C0058A011 /* LoginViewController.m in Sources */ = {isa = PBXBuildFile; fileRef = C2B313F51BCCA16C0058A011 /* LoginViewController.m */; };
		C2B313F91BCCA17F0058A011 /* RegisterViewController.m in Sources */ = {isa = PBXBuildFile; fileRef = C2B313F81BCCA17F0058A011 /* RegisterViewController.m */; };
		C2B3143A1BCCE76D0058A011 /* login_button.png in Resources */ = {isa = PBXBuildFile; fileRef = C2B314381BCCE76D0058A011 /* login_button.png */; };
		C2B3143B1BCCE76D0058A011 /* register_button.png in Resources */ = {isa = PBXBuildFile; fileRef = C2B314391BCCE76D0058A011 /* register_button.png */; };
		C2B3144A1BCD01DB0058A011 /* icons-next.png in Resources */ = {isa = PBXBuildFile; fileRef = C2B314461BCD01DB0058A011 /* icons-next.png */; };
		C2B3144B1BCD01DB0058A011 /* icons-play.png in Resources */ = {isa = PBXBuildFile; fileRef = C2B314471BCD01DB0058A011 /* icons-play.png */; };
		C2B3144C1BCD01DB0058A011 /* icons-last.png in Resources */ = {isa = PBXBuildFile; fileRef = C2B314481BCD01DB0058A011 /* icons-last.png */; };
		C2B3144D1BCD01DB0058A011 /* icons-pause.png in Resources */ = {isa = PBXBuildFile; fileRef = C2B314491BCD01DB0058A011 /* icons-pause.png */; };
		C2B314501BCD027B0058A011 /* icons-list.png in Resources */ = {isa = PBXBuildFile; fileRef = C2B3144E1BCD027B0058A011 /* icons-list.png */; };
		C2B314511BCD027B0058A011 /* icons-pass.png in Resources */ = {isa = PBXBuildFile; fileRef = C2B3144F1BCD027B0058A011 /* icons-pass.png */; };
		C2B314541BCD169A0058A011 /* User.m in Sources */ = {isa = PBXBuildFile; fileRef = C2B314531BCD169A0058A011 /* User.m */; };
		C2C717571BC4AAE900E6BACB /* NSData+ImageContentType.m in Sources */ = {isa = PBXBuildFile; fileRef = C2C7173B1BC4AAE900E6BACB /* NSData+ImageContentType.m */; };
		C2C717581BC4AAE900E6BACB /* SDImageCache.m in Sources */ = {isa = PBXBuildFile; fileRef = C2C7173D1BC4AAE900E6BACB /* SDImageCache.m */; };
		C2C717591BC4AAE900E6BACB /* SDWebImageCompat.m in Sources */ = {isa = PBXBuildFile; fileRef = C2C7173F1BC4AAE900E6BACB /* SDWebImageCompat.m */; };
		C2C7175A1BC4AAE900E6BACB /* SDWebImageDecoder.m in Sources */ = {isa = PBXBuildFile; fileRef = C2C717411BC4AAE900E6BACB /* SDWebImageDecoder.m */; };
		C2C7175B1BC4AAE900E6BACB /* SDWebImageDownloader.m in Sources */ = {isa = PBXBuildFile; fileRef = C2C717431BC4AAE900E6BACB /* SDWebImageDownloader.m */; };
		C2C7175C1BC4AAE900E6BACB /* SDWebImageDownloaderOperation.m in Sources */ = {isa = PBXBuildFile; fileRef = C2C717451BC4AAE900E6BACB /* SDWebImageDownloaderOperation.m */; };
		C2C7175D1BC4AAE900E6BACB /* SDWebImageManager.m in Sources */ = {isa = PBXBuildFile; fileRef = C2C717471BC4AAE900E6BACB /* SDWebImageManager.m */; };
		C2C7175E1BC4AAE900E6BACB /* SDWebImagePrefetcher.m in Sources */ = {isa = PBXBuildFile; fileRef = C2C7174A1BC4AAE900E6BACB /* SDWebImagePrefetcher.m */; };
		C2C7175F1BC4AAE900E6BACB /* UIButton+WebCache.m in Sources */ = {isa = PBXBuildFile; fileRef = C2C7174C1BC4AAE900E6BACB /* UIButton+WebCache.m */; };
		C2C717601BC4AAE900E6BACB /* UIImage+GIF.m in Sources */ = {isa = PBXBuildFile; fileRef = C2C7174E1BC4AAE900E6BACB /* UIImage+GIF.m */; };
		C2C717611BC4AAE900E6BACB /* UIImage+MultiFormat.m in Sources */ = {isa = PBXBuildFile; fileRef = C2C717501BC4AAE900E6BACB /* UIImage+MultiFormat.m */; };
		C2C717621BC4AAE900E6BACB /* UIImageView+HighlightedWebCache.m in Sources */ = {isa = PBXBuildFile; fileRef = C2C717521BC4AAE900E6BACB /* UIImageView+HighlightedWebCache.m */; };
		C2C717631BC4AAE900E6BACB /* UIImageView+WebCache.m in Sources */ = {isa = PBXBuildFile; fileRef = C2C717541BC4AAE900E6BACB /* UIImageView+WebCache.m */; };
		C2C717641BC4AAE900E6BACB /* UIView+WebCacheOperation.m in Sources */ = {isa = PBXBuildFile; fileRef = C2C717561BC4AAE900E6BACB /* UIView+WebCacheOperation.m */; };
		C2D7C06C1BCB98D7002F5AA9 /* UMSocialLocalizable.strings in Resources */ = {isa = PBXBuildFile; fileRef = C2D7C0521BCB98D7002F5AA9 /* UMSocialLocalizable.strings */; };
		C2D7C06D1BCB98D7002F5AA9 /* libUMSocial_Sdk_4.2.5.a in Frameworks */ = {isa = PBXBuildFile; fileRef = C2D7C0601BCB98D7002F5AA9 /* libUMSocial_Sdk_4.2.5.a */; };
		C2D7C06E1BCB98D7002F5AA9 /* UMSCommentDetailController.xib in Resources */ = {isa = PBXBuildFile; fileRef = C2D7C0621BCB98D7002F5AA9 /* UMSCommentDetailController.xib */; };
		C2D7C06F1BCB98D7002F5AA9 /* UMSCommentInputController.xib in Resources */ = {isa = PBXBuildFile; fileRef = C2D7C0631BCB98D7002F5AA9 /* UMSCommentInputController.xib */; };
		C2D7C0701BCB98D7002F5AA9 /* UMSCommentInputControlleriPad.xib in Resources */ = {isa = PBXBuildFile; fileRef = C2D7C0641BCB98D7002F5AA9 /* UMSCommentInputControlleriPad.xib */; };
		C2D7C0711BCB98D7002F5AA9 /* UMShareEditViewController.xib in Resources */ = {isa = PBXBuildFile; fileRef = C2D7C0651BCB98D7002F5AA9 /* UMShareEditViewController.xib */; };
		C2D7C0721BCB98D7002F5AA9 /* UMShareEditViewControlleriPad.xib in Resources */ = {isa = PBXBuildFile; fileRef = C2D7C0661BCB98D7002F5AA9 /* UMShareEditViewControlleriPad.xib */; };
		C2D7C0731BCB98D7002F5AA9 /* UMSLoginViewController.xib in Resources */ = {isa = PBXBuildFile; fileRef = C2D7C0671BCB98D7002F5AA9 /* UMSLoginViewController.xib */; };
		C2D7C0741BCB98D7002F5AA9 /* UMSnsAccountViewController.xib in Resources */ = {isa = PBXBuildFile; fileRef = C2D7C0681BCB98D7002F5AA9 /* UMSnsAccountViewController.xib */; };
		C2D7C0751BCB98D7002F5AA9 /* UMSShareListController.xib in Resources */ = {isa = PBXBuildFile; fileRef = C2D7C0691BCB98D7002F5AA9 /* UMSShareListController.xib */; };
		C2D7C0761BCB98D7002F5AA9 /* UMSocialSDKResourcesNew.bundle in Resources */ = {isa = PBXBuildFile; fileRef = C2D7C06A1BCB98D7002F5AA9 /* UMSocialSDKResourcesNew.bundle */; };
		C2D7C0781BCB9A05002F5AA9 /* Security.framework in Frameworks */ = {isa = PBXBuildFile; fileRef = C2D7C0771BCB9A05002F5AA9 /* Security.framework */; };
		C2D7C07A1BCB9A1A002F5AA9 /* libiconv.dylib in Frameworks */ = {isa = PBXBuildFile; fileRef = C2D7C0791BCB9A1A002F5AA9 /* libiconv.dylib */; };
		C2D7C07C1BCB9A2A002F5AA9 /* SystemConfiguration.framework in Frameworks */ = {isa = PBXBuildFile; fileRef = C2D7C07B1BCB9A2A002F5AA9 /* SystemConfiguration.framework */; };
		C2D7C07E1BCB9A40002F5AA9 /* CoreGraphics.framework in Frameworks */ = {isa = PBXBuildFile; fileRef = C2D7C07D1BCB9A40002F5AA9 /* CoreGraphics.framework */; };
		C2D7C0801BCB9A51002F5AA9 /* libsqlite3.dylib in Frameworks */ = {isa = PBXBuildFile; fileRef = C2D7C07F1BCB9A51002F5AA9 /* libsqlite3.dylib */; };
		C2D7C0821BCB9A5B002F5AA9 /* CoreTelephony.framework in Frameworks */ = {isa = PBXBuildFile; fileRef = C2D7C0811BCB9A5B002F5AA9 /* CoreTelephony.framework */; };
		C2D7C0841BCB9A68002F5AA9 /* libstdc++.dylib in Frameworks */ = {isa = PBXBuildFile; fileRef = C2D7C0831BCB9A68002F5AA9 /* libstdc++.dylib */; };
		C2D7C0861BCB9A75002F5AA9 /* libz.dylib in Frameworks */ = {isa = PBXBuildFile; fileRef = C2D7C0851BCB9A75002F5AA9 /* libz.dylib */; };
		C2D7C0DB1BCB9D7B002F5AA9 /* icons-collectdelete.png in Resources */ = {isa = PBXBuildFile; fileRef = C2D7C0C01BCB9D7B002F5AA9 /* icons-collectdelete.png */; };
		C2D7C0DC1BCB9D7B002F5AA9 /* icons-genghuanpifu.png in Resources */ = {isa = PBXBuildFile; fileRef = C2D7C0C11BCB9D7B002F5AA9 /* icons-genghuanpifu.png */; };
		C2D7C0DD1BCB9D7B002F5AA9 /* icons-add.png in Resources */ = {isa = PBXBuildFile; fileRef = C2D7C0C21BCB9D7B002F5AA9 /* icons-add.png */; };
		C2D7C0DE1BCB9D7B002F5AA9 /* icons-adjust.png in Resources */ = {isa = PBXBuildFile; fileRef = C2D7C0C31BCB9D7B002F5AA9 /* icons-adjust.png */; };
		C2D7C0DF1BCB9D7B002F5AA9 /* icons-cancel.png in Resources */ = {isa = PBXBuildFile; fileRef = C2D7C0C41BCB9D7B002F5AA9 /* icons-cancel.png */; };
		C2D7C0E01BCB9D7B002F5AA9 /* icons-circulate.png in Resources */ = {isa = PBXBuildFile; fileRef = C2D7C0C51BCB9D7B002F5AA9 /* icons-circulate.png */; };
		C2D7C0E11BCB9D7B002F5AA9 /* icons-collect.png in Resources */ = {isa = PBXBuildFile; fileRef = C2D7C0C61BCB9D7B002F5AA9 /* icons-collect.png */; };
		C2D7C0E21BCB9D7B002F5AA9 /* icons-delete.png in Resources */ = {isa = PBXBuildFile; fileRef = C2D7C0C71BCB9D7B002F5AA9 /* icons-delete.png */; };
		C2D7C0E31BCB9D7B002F5AA9 /* icons-download.png in Resources */ = {isa = PBXBuildFile; fileRef = C2D7C0C81BCB9D7B002F5AA9 /* icons-download.png */; };
		C2D7C0E51BCB9D7B002F5AA9 /* icons-leason.png in Resources */ = {isa = PBXBuildFile; fileRef = C2D7C0CA1BCB9D7B002F5AA9 /* icons-leason.png */; };
		C2D7C0E71BCB9D7B002F5AA9 /* icons-loadin.png in Resources */ = {isa = PBXBuildFile; fileRef = C2D7C0CC1BCB9D7B002F5AA9 /* icons-loadin.png */; };
		C2D7C0E81BCB9D7B002F5AA9 /* icons-main.png in Resources */ = {isa = PBXBuildFile; fileRef = C2D7C0CD1BCB9D7B002F5AA9 /* icons-main.png */; };
		C2D7C0ED1BCB9D7B002F5AA9 /* icons-random.png in Resources */ = {isa = PBXBuildFile; fileRef = C2D7C0D21BCB9D7B002F5AA9 /* icons-random.png */; };
		C2D7C0EE1BCB9D7B002F5AA9 /* icons-scan.png in Resources */ = {isa = PBXBuildFile; fileRef = C2D7C0D31BCB9D7B002F5AA9 /* icons-scan.png */; };
		C2D7C0EF1BCB9D7B002F5AA9 /* icons-search.png in Resources */ = {isa = PBXBuildFile; fileRef = C2D7C0D41BCB9D7B002F5AA9 /* icons-search.png */; };
		C2D7C0F01BCB9D7B002F5AA9 /* icons-set.png in Resources */ = {isa = PBXBuildFile; fileRef = C2D7C0D51BCB9D7B002F5AA9 /* icons-set.png */; };
		C2D7C0F11BCB9D7B002F5AA9 /* icons-share.png in Resources */ = {isa = PBXBuildFile; fileRef = C2D7C0D61BCB9D7B002F5AA9 /* icons-share.png */; };
		C2D7C0F21BCB9D7B002F5AA9 /* icons-single.png in Resources */ = {isa = PBXBuildFile; fileRef = C2D7C0D71BCB9D7B002F5AA9 /* icons-single.png */; };
		C2D7C0F31BCB9D7B002F5AA9 /* icons-times.png in Resources */ = {isa = PBXBuildFile; fileRef = C2D7C0D81BCB9D7B002F5AA9 /* icons-times.png */; };
		C2D7C0F41BCB9D7B002F5AA9 /* icons-vip.png in Resources */ = {isa = PBXBuildFile; fileRef = C2D7C0D91BCB9D7B002F5AA9 /* icons-vip.png */; };
		C2D7C0F51BCB9D7B002F5AA9 /* icons-voice.png in Resources */ = {isa = PBXBuildFile; fileRef = C2D7C0DA1BCB9D7B002F5AA9 /* icons-voice.png */; };
		C2D7C1911BCBE4BC002F5AA9 /* AVOSCloud.framework in Frameworks */ = {isa = PBXBuildFile; fileRef = C2D7C1901BCBE4BC002F5AA9 /* AVOSCloud.framework */; };
		C2D7C1921BCBE4ED002F5AA9 /* AVOSCloud.framework in Frameworks */ = {isa = PBXBuildFile; fileRef = C2D7C1901BCBE4BC002F5AA9 /* AVOSCloud.framework */; };
		C2D7C1931BCBE4ED002F5AA9 /* AVOSCloud.framework in Embed Frameworks */ = {isa = PBXBuildFile; fileRef = C2D7C1901BCBE4BC002F5AA9 /* AVOSCloud.framework */; settings = {ATTRIBUTES = (CodeSignOnCopy, RemoveHeadersOnCopy, ); }; };
		C2D7C1961BCBE567002F5AA9 /* MobileCoreServices.framework in Frameworks */ = {isa = PBXBuildFile; fileRef = C2D7C1951BCBE567002F5AA9 /* MobileCoreServices.framework */; };
		C2D7C1981BCBE575002F5AA9 /* CoreLocation.framework in Frameworks */ = {isa = PBXBuildFile; fileRef = C2D7C1971BCBE575002F5AA9 /* CoreLocation.framework */; };
		C2D7C19A1BCBE57E002F5AA9 /* libicucore.dylib in Frameworks */ = {isa = PBXBuildFile; fileRef = C2D7C1991BCBE57E002F5AA9 /* libicucore.dylib */; };
/* End PBXBuildFile section */

/* Begin PBXContainerItemProxy section */
		820D1DAD1BC226830003CFAC /* PBXContainerItemProxy */ = {
			isa = PBXContainerItemProxy;
			containerPortal = 820D1D8B1BC226830003CFAC /* Project object */;
			proxyType = 1;
			remoteGlobalIDString = 820D1D921BC226830003CFAC;
			remoteInfo = MusicPlayer;
		};
/* End PBXContainerItemProxy section */

/* Begin PBXCopyFilesBuildPhase section */
		C2D7C1941BCBE4EE002F5AA9 /* Embed Frameworks */ = {
			isa = PBXCopyFilesBuildPhase;
			buildActionMask = 2147483647;
			dstPath = "";
			dstSubfolderSpec = 10;
			files = (
				C2D7C1931BCBE4ED002F5AA9 /* AVOSCloud.framework in Embed Frameworks */,
			);
			name = "Embed Frameworks";
			runOnlyForDeploymentPostprocessing = 0;
		};
/* End PBXCopyFilesBuildPhase section */

/* Begin PBXFileReference section */
		82023FAC1BC3591A005EDB34 /* GetDataTools.h */ = {isa = PBXFileReference; fileEncoding = 4; lastKnownFileType = sourcecode.c.h; path = GetDataTools.h; sourceTree = "<group>"; };
		82023FAD1BC3591A005EDB34 /* GetDataTools.m */ = {isa = PBXFileReference; fileEncoding = 4; lastKnownFileType = sourcecode.c.objc; path = GetDataTools.m; sourceTree = "<group>"; };
		82023FAF1BC35AE0005EDB34 /* MusicInfoModel.h */ = {isa = PBXFileReference; fileEncoding = 4; lastKnownFileType = sourcecode.c.h; path = MusicInfoModel.h; sourceTree = "<group>"; };
		82023FB01BC35AE0005EDB34 /* MusicInfoModel.m */ = {isa = PBXFileReference; fileEncoding = 4; lastKnownFileType = sourcecode.c.objc; path = MusicInfoModel.m; sourceTree = "<group>"; };
		82023FB21BC35AEF005EDB34 /* MusicLyricModel.h */ = {isa = PBXFileReference; fileEncoding = 4; lastKnownFileType = sourcecode.c.h; path = MusicLyricModel.h; sourceTree = "<group>"; };
		82023FB31BC35AEF005EDB34 /* MusicLyricModel.m */ = {isa = PBXFileReference; fileEncoding = 4; lastKnownFileType = sourcecode.c.objc; path = MusicLyricModel.m; sourceTree = "<group>"; };
		820D1D931BC226830003CFAC /* MusicPlayer.app */ = {isa = PBXFileReference; explicitFileType = wrapper.application; includeInIndex = 0; path = MusicPlayer.app; sourceTree = BUILT_PRODUCTS_DIR; };
		820D1D971BC226830003CFAC /* Info.plist */ = {isa = PBXFileReference; lastKnownFileType = text.plist.xml; path = Info.plist; sourceTree = "<group>"; };
		820D1D981BC226830003CFAC /* main.m */ = {isa = PBXFileReference; lastKnownFileType = sourcecode.c.objc; path = main.m; sourceTree = "<group>"; };
		820D1DA11BC226830003CFAC /* Base */ = {isa = PBXFileReference; lastKnownFileType = file.storyboard; name = Base; path = Base.lproj/Main.storyboard; sourceTree = "<group>"; };
		820D1DA31BC226830003CFAC /* Images.xcassets */ = {isa = PBXFileReference; lastKnownFileType = folder.assetcatalog; path = Images.xcassets; sourceTree = "<group>"; };
		820D1DA61BC226830003CFAC /* Base */ = {isa = PBXFileReference; lastKnownFileType = file.xib; name = Base; path = Base.lproj/LaunchScreen.xib; sourceTree = "<group>"; };
		820D1DAC1BC226830003CFAC /* MusicPlayerTests.xctest */ = {isa = PBXFileReference; explicitFileType = wrapper.cfbundle; includeInIndex = 0; path = MusicPlayerTests.xctest; sourceTree = BUILT_PRODUCTS_DIR; };
		820D1DB11BC226830003CFAC /* Info.plist */ = {isa = PBXFileReference; lastKnownFileType = text.plist.xml; path = Info.plist; sourceTree = "<group>"; };
		820D1DB21BC226830003CFAC /* MusicPlayerTests.m */ = {isa = PBXFileReference; lastKnownFileType = sourcecode.c.objc; path = MusicPlayerTests.m; sourceTree = "<group>"; };
		820D1DC11BC228480003CFAC /* AppDelegate.h */ = {isa = PBXFileReference; fileEncoding = 4; lastKnownFileType = sourcecode.c.h; path = AppDelegate.h; sourceTree = "<group>"; };
		820D1DC21BC228480003CFAC /* AppDelegate.m */ = {isa = PBXFileReference; fileEncoding = 4; lastKnownFileType = sourcecode.c.objc; path = AppDelegate.m; sourceTree = "<group>"; };
		820D1DC61BC228480003CFAC /* MusicListTableViewController.h */ = {isa = PBXFileReference; fileEncoding = 4; lastKnownFileType = sourcecode.c.h; path = MusicListTableViewController.h; sourceTree = "<group>"; };
		820D1DC71BC228480003CFAC /* MusicListTableViewController.m */ = {isa = PBXFileReference; fileEncoding = 4; lastKnownFileType = sourcecode.c.objc; path = MusicListTableViewController.m; sourceTree = "<group>"; };
		820D1DD01BC228480003CFAC /* APPHeader.h */ = {isa = PBXFileReference; fileEncoding = 4; lastKnownFileType = sourcecode.c.h; path = APPHeader.h; sourceTree = "<group>"; };
		820D1DD11BC228480003CFAC /* IMPHeader.h */ = {isa = PBXFileReference; fileEncoding = 4; lastKnownFileType = sourcecode.c.h; path = IMPHeader.h; sourceTree = "<group>"; };
		820D1DD21BC228480003CFAC /* KEYHeader.h */ = {isa = PBXFileReference; fileEncoding = 4; lastKnownFileType = sourcecode.c.h; path = KEYHeader.h; sourceTree = "<group>"; };
		820D1DD31BC228480003CFAC /* URLHeader.h */ = {isa = PBXFileReference; fileEncoding = 4; lastKnownFileType = sourcecode.c.h; path = URLHeader.h; sourceTree = "<group>"; };
		820D1DD81BC22AEC0003CFAC /* MusicPlayerPCH.pch */ = {isa = PBXFileReference; fileEncoding = 4; lastKnownFileType = sourcecode.c.h; path = MusicPlayerPCH.pch; sourceTree = "<group>"; };
		82FDCF6C1BC2597100AF61A4 /* MusicListTableViewCell.h */ = {isa = PBXFileReference; fileEncoding = 4; lastKnownFileType = sourcecode.c.h; path = MusicListTableViewCell.h; sourceTree = "<group>"; };
		82FDCF6D1BC2597100AF61A4 /* MusicListTableViewCell.m */ = {isa = PBXFileReference; fileEncoding = 4; lastKnownFileType = sourcecode.c.objc; path = MusicListTableViewCell.m; sourceTree = "<group>"; };
		82FDCF6E1BC2597100AF61A4 /* MusicListTableViewCell.xib */ = {isa = PBXFileReference; fileEncoding = 4; lastKnownFileType = file.xib; path = MusicListTableViewCell.xib; sourceTree = "<group>"; };
		82FDCF711BC2635E00AF61A4 /* MusicPlayViewController.h */ = {isa = PBXFileReference; fileEncoding = 4; lastKnownFileType = sourcecode.c.h; path = MusicPlayViewController.h; sourceTree = "<group>"; };
		82FDCF721BC2635E00AF61A4 /* MusicPlayViewController.m */ = {isa = PBXFileReference; fileEncoding = 4; lastKnownFileType = sourcecode.c.objc; path = MusicPlayViewController.m; sourceTree = "<group>"; };
		82FDCF771BC269BE00AF61A4 /* MusicPlayView.h */ = {isa = PBXFileReference; fileEncoding = 4; lastKnownFileType = sourcecode.c.h; path = MusicPlayView.h; sourceTree = "<group>"; };
		82FDCF781BC269BE00AF61A4 /* MusicPlayView.m */ = {isa = PBXFileReference; fileEncoding = 4; lastKnownFileType = sourcecode.c.objc; path = MusicPlayView.m; sourceTree = "<group>"; };
		82FE9FF41BC371D70013A051 /* MusicPlayTools.h */ = {isa = PBXFileReference; fileEncoding = 4; lastKnownFileType = sourcecode.c.h; path = MusicPlayTools.h; sourceTree = "<group>"; };
		82FE9FF51BC371D70013A051 /* MusicPlayTools.m */ = {isa = PBXFileReference; fileEncoding = 4; lastKnownFileType = sourcecode.c.objc; path = MusicPlayTools.m; sourceTree = "<group>"; };
		C2B08AE81BC62EB9001E46F6 /* icon.png */ = {isa = PBXFileReference; lastKnownFileType = image.png; path = icon.png; sourceTree = "<group>"; };
		C2B313EE1BCCA12D0058A011 /* RegisterView.h */ = {isa = PBXFileReference; fileEncoding = 4; lastKnownFileType = sourcecode.c.h; name = RegisterView.h; path = ../Controller/RegisterView.h; sourceTree = "<group>"; };
		C2B313EF1BCCA12D0058A011 /* RegisterView.m */ = {isa = PBXFileReference; fileEncoding = 4; lastKnownFileType = sourcecode.c.objc; name = RegisterView.m; path = ../Controller/RegisterView.m; sourceTree = "<group>"; };
		C2B313F11BCCA14F0058A011 /* LoginView.h */ = {isa = PBXFileReference; fileEncoding = 4; lastKnownFileType = sourcecode.c.h; path = LoginView.h; sourceTree = "<group>"; };
		C2B313F21BCCA14F0058A011 /* LoginView.m */ = {isa = PBXFileReference; fileEncoding = 4; lastKnownFileType = sourcecode.c.objc; path = LoginView.m; sourceTree = "<group>"; };
		C2B313F41BCCA16C0058A011 /* LoginViewController.h */ = {isa = PBXFileReference; fileEncoding = 4; lastKnownFileType = sourcecode.c.h; path = LoginViewController.h; sourceTree = "<group>"; };
		C2B313F51BCCA16C0058A011 /* LoginViewController.m */ = {isa = PBXFileReference; fileEncoding = 4; lastKnownFileType = sourcecode.c.objc; path = LoginViewController.m; sourceTree = "<group>"; };
		C2B313F71BCCA17F0058A011 /* RegisterViewController.h */ = {isa = PBXFileReference; fileEncoding = 4; lastKnownFileType = sourcecode.c.h; path = RegisterViewController.h; sourceTree = "<group>"; };
		C2B313F81BCCA17F0058A011 /* RegisterViewController.m */ = {isa = PBXFileReference; fileEncoding = 4; lastKnownFileType = sourcecode.c.objc; path = RegisterViewController.m; sourceTree = "<group>"; };
		C2B314381BCCE76D0058A011 /* login_button.png */ = {isa = PBXFileReference; lastKnownFileType = image.png; path = login_button.png; sourceTree = "<group>"; };
		C2B314391BCCE76D0058A011 /* register_button.png */ = {isa = PBXFileReference; lastKnownFileType = image.png; path = register_button.png; sourceTree = "<group>"; };
		C2B314461BCD01DB0058A011 /* icons-next.png */ = {isa = PBXFileReference; lastKnownFileType = image.png; path = "icons-next.png"; sourceTree = "<group>"; };
		C2B314471BCD01DB0058A011 /* icons-play.png */ = {isa = PBXFileReference; lastKnownFileType = image.png; path = "icons-play.png"; sourceTree = "<group>"; };
		C2B314481BCD01DB0058A011 /* icons-last.png */ = {isa = PBXFileReference; lastKnownFileType = image.png; path = "icons-last.png"; sourceTree = "<group>"; };
		C2B314491BCD01DB0058A011 /* icons-pause.png */ = {isa = PBXFileReference; lastKnownFileType = image.png; path = "icons-pause.png"; sourceTree = "<group>"; };
		C2B3144E1BCD027B0058A011 /* icons-list.png */ = {isa = PBXFileReference; lastKnownFileType = image.png; path = "icons-list.png"; sourceTree = "<group>"; };
		C2B3144F1BCD027B0058A011 /* icons-pass.png */ = {isa = PBXFileReference; lastKnownFileType = image.png; path = "icons-pass.png"; sourceTree = "<group>"; };
		C2B314521BCD169A0058A011 /* User.h */ = {isa = PBXFileReference; fileEncoding = 4; lastKnownFileType = sourcecode.c.h; path = User.h; sourceTree = "<group>"; };
		C2B314531BCD169A0058A011 /* User.m */ = {isa = PBXFileReference; fileEncoding = 4; lastKnownFileType = sourcecode.c.objc; path = User.m; sourceTree = "<group>"; };
		C2C7173A1BC4AAE900E6BACB /* NSData+ImageContentType.h */ = {isa = PBXFileReference; fileEncoding = 4; lastKnownFileType = sourcecode.c.h; path = "NSData+ImageContentType.h"; sourceTree = "<group>"; };
		C2C7173B1BC4AAE900E6BACB /* NSData+ImageContentType.m */ = {isa = PBXFileReference; fileEncoding = 4; lastKnownFileType = sourcecode.c.objc; path = "NSData+ImageContentType.m"; sourceTree = "<group>"; };
		C2C7173C1BC4AAE900E6BACB /* SDImageCache.h */ = {isa = PBXFileReference; fileEncoding = 4; lastKnownFileType = sourcecode.c.h; path = SDImageCache.h; sourceTree = "<group>"; };
		C2C7173D1BC4AAE900E6BACB /* SDImageCache.m */ = {isa = PBXFileReference; fileEncoding = 4; lastKnownFileType = sourcecode.c.objc; path = SDImageCache.m; sourceTree = "<group>"; };
		C2C7173E1BC4AAE900E6BACB /* SDWebImageCompat.h */ = {isa = PBXFileReference; fileEncoding = 4; lastKnownFileType = sourcecode.c.h; path = SDWebImageCompat.h; sourceTree = "<group>"; };
		C2C7173F1BC4AAE900E6BACB /* SDWebImageCompat.m */ = {isa = PBXFileReference; fileEncoding = 4; lastKnownFileType = sourcecode.c.objc; path = SDWebImageCompat.m; sourceTree = "<group>"; };
		C2C717401BC4AAE900E6BACB /* SDWebImageDecoder.h */ = {isa = PBXFileReference; fileEncoding = 4; lastKnownFileType = sourcecode.c.h; path = SDWebImageDecoder.h; sourceTree = "<group>"; };
		C2C717411BC4AAE900E6BACB /* SDWebImageDecoder.m */ = {isa = PBXFileReference; fileEncoding = 4; lastKnownFileType = sourcecode.c.objc; path = SDWebImageDecoder.m; sourceTree = "<group>"; };
		C2C717421BC4AAE900E6BACB /* SDWebImageDownloader.h */ = {isa = PBXFileReference; fileEncoding = 4; lastKnownFileType = sourcecode.c.h; path = SDWebImageDownloader.h; sourceTree = "<group>"; };
		C2C717431BC4AAE900E6BACB /* SDWebImageDownloader.m */ = {isa = PBXFileReference; fileEncoding = 4; lastKnownFileType = sourcecode.c.objc; path = SDWebImageDownloader.m; sourceTree = "<group>"; };
		C2C717441BC4AAE900E6BACB /* SDWebImageDownloaderOperation.h */ = {isa = PBXFileReference; fileEncoding = 4; lastKnownFileType = sourcecode.c.h; path = SDWebImageDownloaderOperation.h; sourceTree = "<group>"; };
		C2C717451BC4AAE900E6BACB /* SDWebImageDownloaderOperation.m */ = {isa = PBXFileReference; fileEncoding = 4; lastKnownFileType = sourcecode.c.objc; path = SDWebImageDownloaderOperation.m; sourceTree = "<group>"; };
		C2C717461BC4AAE900E6BACB /* SDWebImageManager.h */ = {isa = PBXFileReference; fileEncoding = 4; lastKnownFileType = sourcecode.c.h; path = SDWebImageManager.h; sourceTree = "<group>"; };
		C2C717471BC4AAE900E6BACB /* SDWebImageManager.m */ = {isa = PBXFileReference; fileEncoding = 4; lastKnownFileType = sourcecode.c.objc; path = SDWebImageManager.m; sourceTree = "<group>"; };
		C2C717481BC4AAE900E6BACB /* SDWebImageOperation.h */ = {isa = PBXFileReference; fileEncoding = 4; lastKnownFileType = sourcecode.c.h; path = SDWebImageOperation.h; sourceTree = "<group>"; };
		C2C717491BC4AAE900E6BACB /* SDWebImagePrefetcher.h */ = {isa = PBXFileReference; fileEncoding = 4; lastKnownFileType = sourcecode.c.h; path = SDWebImagePrefetcher.h; sourceTree = "<group>"; };
		C2C7174A1BC4AAE900E6BACB /* SDWebImagePrefetcher.m */ = {isa = PBXFileReference; fileEncoding = 4; lastKnownFileType = sourcecode.c.objc; path = SDWebImagePrefetcher.m; sourceTree = "<group>"; };
		C2C7174B1BC4AAE900E6BACB /* UIButton+WebCache.h */ = {isa = PBXFileReference; fileEncoding = 4; lastKnownFileType = sourcecode.c.h; path = "UIButton+WebCache.h"; sourceTree = "<group>"; };
		C2C7174C1BC4AAE900E6BACB /* UIButton+WebCache.m */ = {isa = PBXFileReference; fileEncoding = 4; lastKnownFileType = sourcecode.c.objc; path = "UIButton+WebCache.m"; sourceTree = "<group>"; };
		C2C7174D1BC4AAE900E6BACB /* UIImage+GIF.h */ = {isa = PBXFileReference; fileEncoding = 4; lastKnownFileType = sourcecode.c.h; path = "UIImage+GIF.h"; sourceTree = "<group>"; };
		C2C7174E1BC4AAE900E6BACB /* UIImage+GIF.m */ = {isa = PBXFileReference; fileEncoding = 4; lastKnownFileType = sourcecode.c.objc; path = "UIImage+GIF.m"; sourceTree = "<group>"; };
		C2C7174F1BC4AAE900E6BACB /* UIImage+MultiFormat.h */ = {isa = PBXFileReference; fileEncoding = 4; lastKnownFileType = sourcecode.c.h; path = "UIImage+MultiFormat.h"; sourceTree = "<group>"; };
		C2C717501BC4AAE900E6BACB /* UIImage+MultiFormat.m */ = {isa = PBXFileReference; fileEncoding = 4; lastKnownFileType = sourcecode.c.objc; path = "UIImage+MultiFormat.m"; sourceTree = "<group>"; };
		C2C717511BC4AAE900E6BACB /* UIImageView+HighlightedWebCache.h */ = {isa = PBXFileReference; fileEncoding = 4; lastKnownFileType = sourcecode.c.h; path = "UIImageView+HighlightedWebCache.h"; sourceTree = "<group>"; };
		C2C717521BC4AAE900E6BACB /* UIImageView+HighlightedWebCache.m */ = {isa = PBXFileReference; fileEncoding = 4; lastKnownFileType = sourcecode.c.objc; path = "UIImageView+HighlightedWebCache.m"; sourceTree = "<group>"; };
		C2C717531BC4AAE900E6BACB /* UIImageView+WebCache.h */ = {isa = PBXFileReference; fileEncoding = 4; lastKnownFileType = sourcecode.c.h; path = "UIImageView+WebCache.h"; sourceTree = "<group>"; };
		C2C717541BC4AAE900E6BACB /* UIImageView+WebCache.m */ = {isa = PBXFileReference; fileEncoding = 4; lastKnownFileType = sourcecode.c.objc; path = "UIImageView+WebCache.m"; sourceTree = "<group>"; };
		C2C717551BC4AAE900E6BACB /* UIView+WebCacheOperation.h */ = {isa = PBXFileReference; fileEncoding = 4; lastKnownFileType = sourcecode.c.h; path = "UIView+WebCacheOperation.h"; sourceTree = "<group>"; };
		C2C717561BC4AAE900E6BACB /* UIView+WebCacheOperation.m */ = {isa = PBXFileReference; fileEncoding = 4; lastKnownFileType = sourcecode.c.objc; path = "UIView+WebCacheOperation.m"; sourceTree = "<group>"; };
		C2D7C0531BCB98D7002F5AA9 /* en */ = {isa = PBXFileReference; lastKnownFileType = text.plist.strings; name = en; path = en.lproj/UMSocialLocalizable.strings; sourceTree = "<group>"; };
		C2D7C0551BCB98D7002F5AA9 /* UMSocial.h */ = {isa = PBXFileReference; fileEncoding = 4; lastKnownFileType = sourcecode.c.h; path = UMSocial.h; sourceTree = "<group>"; };
		C2D7C0561BCB98D7002F5AA9 /* UMSocialAccountManager.h */ = {isa = PBXFileReference; fileEncoding = 4; lastKnownFileType = sourcecode.c.h; path = UMSocialAccountManager.h; sourceTree = "<group>"; };
		C2D7C0571BCB98D7002F5AA9 /* UMSocialBar.h */ = {isa = PBXFileReference; fileEncoding = 4; lastKnownFileType = sourcecode.c.h; path = UMSocialBar.h; sourceTree = "<group>"; };
		C2D7C0581BCB98D7002F5AA9 /* UMSocialConfig.h */ = {isa = PBXFileReference; fileEncoding = 4; lastKnownFileType = sourcecode.c.h; path = UMSocialConfig.h; sourceTree = "<group>"; };
		C2D7C0591BCB98D7002F5AA9 /* UMSocialControllerService.h */ = {isa = PBXFileReference; fileEncoding = 4; lastKnownFileType = sourcecode.c.h; path = UMSocialControllerService.h; sourceTree = "<group>"; };
		C2D7C05A1BCB98D7002F5AA9 /* UMSocialControllerServiceComment.h */ = {isa = PBXFileReference; fileEncoding = 4; lastKnownFileType = sourcecode.c.h; path = UMSocialControllerServiceComment.h; sourceTree = "<group>"; };
		C2D7C05B1BCB98D7002F5AA9 /* UMSocialData.h */ = {isa = PBXFileReference; fileEncoding = 4; lastKnownFileType = sourcecode.c.h; path = UMSocialData.h; sourceTree = "<group>"; };
		C2D7C05C1BCB98D7002F5AA9 /* UMSocialDataService.h */ = {isa = PBXFileReference; fileEncoding = 4; lastKnownFileType = sourcecode.c.h; path = UMSocialDataService.h; sourceTree = "<group>"; };
		C2D7C05D1BCB98D7002F5AA9 /* UMSocialSnsData.h */ = {isa = PBXFileReference; fileEncoding = 4; lastKnownFileType = sourcecode.c.h; path = UMSocialSnsData.h; sourceTree = "<group>"; };
		C2D7C05E1BCB98D7002F5AA9 /* UMSocialSnsPlatformManager.h */ = {isa = PBXFileReference; fileEncoding = 4; lastKnownFileType = sourcecode.c.h; path = UMSocialSnsPlatformManager.h; sourceTree = "<group>"; };
		C2D7C05F1BCB98D7002F5AA9 /* UMSocialSnsService.h */ = {isa = PBXFileReference; fileEncoding = 4; lastKnownFileType = sourcecode.c.h; path = UMSocialSnsService.h; sourceTree = "<group>"; };
		C2D7C0601BCB98D7002F5AA9 /* libUMSocial_Sdk_4.2.5.a */ = {isa = PBXFileReference; lastKnownFileType = archive.ar; path = libUMSocial_Sdk_4.2.5.a; sourceTree = "<group>"; };
		C2D7C0621BCB98D7002F5AA9 /* UMSCommentDetailController.xib */ = {isa = PBXFileReference; fileEncoding = 4; lastKnownFileType = file.xib; path = UMSCommentDetailController.xib; sourceTree = "<group>"; };
		C2D7C0631BCB98D7002F5AA9 /* UMSCommentInputController.xib */ = {isa = PBXFileReference; fileEncoding = 4; lastKnownFileType = file.xib; path = UMSCommentInputController.xib; sourceTree = "<group>"; };
		C2D7C0641BCB98D7002F5AA9 /* UMSCommentInputControlleriPad.xib */ = {isa = PBXFileReference; fileEncoding = 4; lastKnownFileType = file.xib; path = UMSCommentInputControlleriPad.xib; sourceTree = "<group>"; };
		C2D7C0651BCB98D7002F5AA9 /* UMShareEditViewController.xib */ = {isa = PBXFileReference; fileEncoding = 4; lastKnownFileType = file.xib; path = UMShareEditViewController.xib; sourceTree = "<group>"; };
		C2D7C0661BCB98D7002F5AA9 /* UMShareEditViewControlleriPad.xib */ = {isa = PBXFileReference; fileEncoding = 4; lastKnownFileType = file.xib; path = UMShareEditViewControlleriPad.xib; sourceTree = "<group>"; };
		C2D7C0671BCB98D7002F5AA9 /* UMSLoginViewController.xib */ = {isa = PBXFileReference; fileEncoding = 4; lastKnownFileType = file.xib; path = UMSLoginViewController.xib; sourceTree = "<group>"; };
		C2D7C0681BCB98D7002F5AA9 /* UMSnsAccountViewController.xib */ = {isa = PBXFileReference; fileEncoding = 4; lastKnownFileType = file.xib; path = UMSnsAccountViewController.xib; sourceTree = "<group>"; };
		C2D7C0691BCB98D7002F5AA9 /* UMSShareListController.xib */ = {isa = PBXFileReference; fileEncoding = 4; lastKnownFileType = file.xib; path = UMSShareListController.xib; sourceTree = "<group>"; };
		C2D7C06A1BCB98D7002F5AA9 /* UMSocialSDKResourcesNew.bundle */ = {isa = PBXFileReference; lastKnownFileType = "wrapper.plug-in"; path = UMSocialSDKResourcesNew.bundle; sourceTree = "<group>"; };
		C2D7C06B1BCB98D7002F5AA9 /* zh-Hans */ = {isa = PBXFileReference; lastKnownFileType = text.plist.strings; name = "zh-Hans"; path = "zh-Hans.lproj/UMSocialLocalizable.strings"; sourceTree = "<group>"; };
		C2D7C0771BCB9A05002F5AA9 /* Security.framework */ = {isa = PBXFileReference; lastKnownFileType = wrapper.framework; name = Security.framework; path = System/Library/Frameworks/Security.framework; sourceTree = SDKROOT; };
		C2D7C0791BCB9A1A002F5AA9 /* libiconv.dylib */ = {isa = PBXFileReference; lastKnownFileType = "compiled.mach-o.dylib"; name = libiconv.dylib; path = usr/lib/libiconv.dylib; sourceTree = SDKROOT; };
		C2D7C07B1BCB9A2A002F5AA9 /* SystemConfiguration.framework */ = {isa = PBXFileReference; lastKnownFileType = wrapper.framework; name = SystemConfiguration.framework; path = System/Library/Frameworks/SystemConfiguration.framework; sourceTree = SDKROOT; };
		C2D7C07D1BCB9A40002F5AA9 /* CoreGraphics.framework */ = {isa = PBXFileReference; lastKnownFileType = wrapper.framework; name = CoreGraphics.framework; path = System/Library/Frameworks/CoreGraphics.framework; sourceTree = SDKROOT; };
		C2D7C07F1BCB9A51002F5AA9 /* libsqlite3.dylib */ = {isa = PBXFileReference; lastKnownFileType = "compiled.mach-o.dylib"; name = libsqlite3.dylib; path = usr/lib/libsqlite3.dylib; sourceTree = SDKROOT; };
		C2D7C0811BCB9A5B002F5AA9 /* CoreTelephony.framework */ = {isa = PBXFileReference; lastKnownFileType = wrapper.framework; name = CoreTelephony.framework; path = System/Library/Frameworks/CoreTelephony.framework; sourceTree = SDKROOT; };
		C2D7C0831BCB9A68002F5AA9 /* libstdc++.dylib */ = {isa = PBXFileReference; lastKnownFileType = "compiled.mach-o.dylib"; name = "libstdc++.dylib"; path = "usr/lib/libstdc++.dylib"; sourceTree = SDKROOT; };
		C2D7C0851BCB9A75002F5AA9 /* libz.dylib */ = {isa = PBXFileReference; lastKnownFileType = "compiled.mach-o.dylib"; name = libz.dylib; path = usr/lib/libz.dylib; sourceTree = SDKROOT; };
		C2D7C0C01BCB9D7B002F5AA9 /* icons-collectdelete.png */ = {isa = PBXFileReference; lastKnownFileType = image.png; path = "icons-collectdelete.png"; sourceTree = "<group>"; };
		C2D7C0C11BCB9D7B002F5AA9 /* icons-genghuanpifu.png */ = {isa = PBXFileReference; lastKnownFileType = image.png; path = "icons-genghuanpifu.png"; sourceTree = "<group>"; };
		C2D7C0C21BCB9D7B002F5AA9 /* icons-add.png */ = {isa = PBXFileReference; lastKnownFileType = image.png; path = "icons-add.png"; sourceTree = "<group>"; };
		C2D7C0C31BCB9D7B002F5AA9 /* icons-adjust.png */ = {isa = PBXFileReference; lastKnownFileType = image.png; path = "icons-adjust.png"; sourceTree = "<group>"; };
		C2D7C0C41BCB9D7B002F5AA9 /* icons-cancel.png */ = {isa = PBXFileReference; lastKnownFileType = image.png; path = "icons-cancel.png"; sourceTree = "<group>"; };
		C2D7C0C51BCB9D7B002F5AA9 /* icons-circulate.png */ = {isa = PBXFileReference; lastKnownFileType = image.png; path = "icons-circulate.png"; sourceTree = "<group>"; };
		C2D7C0C61BCB9D7B002F5AA9 /* icons-collect.png */ = {isa = PBXFileReference; lastKnownFileType = image.png; path = "icons-collect.png"; sourceTree = "<group>"; };
		C2D7C0C71BCB9D7B002F5AA9 /* icons-delete.png */ = {isa = PBXFileReference; lastKnownFileType = image.png; path = "icons-delete.png"; sourceTree = "<group>"; };
		C2D7C0C81BCB9D7B002F5AA9 /* icons-download.png */ = {isa = PBXFileReference; lastKnownFileType = image.png; path = "icons-download.png"; sourceTree = "<group>"; };
		C2D7C0CA1BCB9D7B002F5AA9 /* icons-leason.png */ = {isa = PBXFileReference; lastKnownFileType = image.png; path = "icons-leason.png"; sourceTree = "<group>"; };
		C2D7C0CC1BCB9D7B002F5AA9 /* icons-loadin.png */ = {isa = PBXFileReference; lastKnownFileType = image.png; path = "icons-loadin.png"; sourceTree = "<group>"; };
		C2D7C0CD1BCB9D7B002F5AA9 /* icons-main.png */ = {isa = PBXFileReference; lastKnownFileType = image.png; path = "icons-main.png"; sourceTree = "<group>"; };
		C2D7C0D21BCB9D7B002F5AA9 /* icons-random.png */ = {isa = PBXFileReference; lastKnownFileType = image.png; path = "icons-random.png"; sourceTree = "<group>"; };
		C2D7C0D31BCB9D7B002F5AA9 /* icons-scan.png */ = {isa = PBXFileReference; lastKnownFileType = image.png; path = "icons-scan.png"; sourceTree = "<group>"; };
		C2D7C0D41BCB9D7B002F5AA9 /* icons-search.png */ = {isa = PBXFileReference; lastKnownFileType = image.png; path = "icons-search.png"; sourceTree = "<group>"; };
		C2D7C0D51BCB9D7B002F5AA9 /* icons-set.png */ = {isa = PBXFileReference; lastKnownFileType = image.png; path = "icons-set.png"; sourceTree = "<group>"; };
		C2D7C0D61BCB9D7B002F5AA9 /* icons-share.png */ = {isa = PBXFileReference; lastKnownFileType = image.png; path = "icons-share.png"; sourceTree = "<group>"; };
		C2D7C0D71BCB9D7B002F5AA9 /* icons-single.png */ = {isa = PBXFileReference; lastKnownFileType = image.png; path = "icons-single.png"; sourceTree = "<group>"; };
		C2D7C0D81BCB9D7B002F5AA9 /* icons-times.png */ = {isa = PBXFileReference; lastKnownFileType = image.png; path = "icons-times.png"; sourceTree = "<group>"; };
		C2D7C0D91BCB9D7B002F5AA9 /* icons-vip.png */ = {isa = PBXFileReference; lastKnownFileType = image.png; path = "icons-vip.png"; sourceTree = "<group>"; };
		C2D7C0DA1BCB9D7B002F5AA9 /* icons-voice.png */ = {isa = PBXFileReference; lastKnownFileType = image.png; path = "icons-voice.png"; sourceTree = "<group>"; };
		C2D7C1901BCBE4BC002F5AA9 /* AVOSCloud.framework */ = {isa = PBXFileReference; lastKnownFileType = wrapper.framework; path = AVOSCloud.framework; sourceTree = "<group>"; };
		C2D7C1951BCBE567002F5AA9 /* MobileCoreServices.framework */ = {isa = PBXFileReference; lastKnownFileType = wrapper.framework; name = MobileCoreServices.framework; path = System/Library/Frameworks/MobileCoreServices.framework; sourceTree = SDKROOT; };
		C2D7C1971BCBE575002F5AA9 /* CoreLocation.framework */ = {isa = PBXFileReference; lastKnownFileType = wrapper.framework; name = CoreLocation.framework; path = System/Library/Frameworks/CoreLocation.framework; sourceTree = SDKROOT; };
		C2D7C1991BCBE57E002F5AA9 /* libicucore.dylib */ = {isa = PBXFileReference; lastKnownFileType = "compiled.mach-o.dylib"; name = libicucore.dylib; path = usr/lib/libicucore.dylib; sourceTree = SDKROOT; };
/* End PBXFileReference section */

/* Begin PBXFrameworksBuildPhase section */
		820D1D901BC226830003CFAC /* Frameworks */ = {
			isa = PBXFrameworksBuildPhase;
			buildActionMask = 2147483647;
			files = (
				C2D7C19A1BCBE57E002F5AA9 /* libicucore.dylib in Frameworks */,
				C2D7C1981BCBE575002F5AA9 /* CoreLocation.framework in Frameworks */,
				C2D7C0821BCB9A5B002F5AA9 /* CoreTelephony.framework in Frameworks */,
				C2D7C1961BCBE567002F5AA9 /* MobileCoreServices.framework in Frameworks */,
				C2D7C07C1BCB9A2A002F5AA9 /* SystemConfiguration.framework in Frameworks */,
				C2D7C0861BCB9A75002F5AA9 /* libz.dylib in Frameworks */,
				C2D7C0841BCB9A68002F5AA9 /* libstdc++.dylib in Frameworks */,
				C2D7C0801BCB9A51002F5AA9 /* libsqlite3.dylib in Frameworks */,
				C2D7C07E1BCB9A40002F5AA9 /* CoreGraphics.framework in Frameworks */,
				C2D7C1921BCBE4ED002F5AA9 /* AVOSCloud.framework in Frameworks */,
				C2D7C07A1BCB9A1A002F5AA9 /* libiconv.dylib in Frameworks */,
				C2D7C0781BCB9A05002F5AA9 /* Security.framework in Frameworks */,
				C2D7C06D1BCB98D7002F5AA9 /* libUMSocial_Sdk_4.2.5.a in Frameworks */,
				C2D7C1911BCBE4BC002F5AA9 /* AVOSCloud.framework in Frameworks */,
			);
			runOnlyForDeploymentPostprocessing = 0;
		};
		820D1DA91BC226830003CFAC /* Frameworks */ = {
			isa = PBXFrameworksBuildPhase;
			buildActionMask = 2147483647;
			files = (
			);
			runOnlyForDeploymentPostprocessing = 0;
		};
/* End PBXFrameworksBuildPhase section */

/* Begin PBXGroup section */
		820D1D8A1BC226830003CFAC = {
			isa = PBXGroup;
			children = (
				C2D7C1991BCBE57E002F5AA9 /* libicucore.dylib */,
				C2D7C1971BCBE575002F5AA9 /* CoreLocation.framework */,
				C2D7C1951BCBE567002F5AA9 /* MobileCoreServices.framework */,
				C2D7C0851BCB9A75002F5AA9 /* libz.dylib */,
				C2D7C0831BCB9A68002F5AA9 /* libstdc++.dylib */,
				C2D7C0811BCB9A5B002F5AA9 /* CoreTelephony.framework */,
				C2D7C07F1BCB9A51002F5AA9 /* libsqlite3.dylib */,
				C2D7C07D1BCB9A40002F5AA9 /* CoreGraphics.framework */,
				C2D7C07B1BCB9A2A002F5AA9 /* SystemConfiguration.framework */,
				C2D7C0791BCB9A1A002F5AA9 /* libiconv.dylib */,
				C2D7C0771BCB9A05002F5AA9 /* Security.framework */,
				820D1D951BC226830003CFAC /* MusicPlayer */,
				820D1DAF1BC226830003CFAC /* MusicPlayerTests */,
				820D1D941BC226830003CFAC /* Products */,
			);
			sourceTree = "<group>";
		};
		820D1D941BC226830003CFAC /* Products */ = {
			isa = PBXGroup;
			children = (
				820D1D931BC226830003CFAC /* MusicPlayer.app */,
				820D1DAC1BC226830003CFAC /* MusicPlayerTests.xctest */,
			);
			name = Products;
			sourceTree = "<group>";
		};
		820D1D951BC226830003CFAC /* MusicPlayer */ = {
			isa = PBXGroup;
			children = (
				820D1DBF1BC228480003CFAC /* Source */,
				820D1DA01BC226830003CFAC /* Main.storyboard */,
				820D1DA31BC226830003CFAC /* Images.xcassets */,
				820D1DA51BC226830003CFAC /* LaunchScreen.xib */,
				820D1D961BC226830003CFAC /* Supporting Files */,
				820D1DD81BC22AEC0003CFAC /* MusicPlayerPCH.pch */,
			);
			path = MusicPlayer;
			sourceTree = "<group>";
		};
		820D1D961BC226830003CFAC /* Supporting Files */ = {
			isa = PBXGroup;
			children = (
				820D1D971BC226830003CFAC /* Info.plist */,
				820D1D981BC226830003CFAC /* main.m */,
			);
			name = "Supporting Files";
			sourceTree = "<group>";
		};
		820D1DAF1BC226830003CFAC /* MusicPlayerTests */ = {
			isa = PBXGroup;
			children = (
				820D1DB21BC226830003CFAC /* MusicPlayerTests.m */,
				820D1DB01BC226830003CFAC /* Supporting Files */,
			);
			path = MusicPlayerTests;
			sourceTree = "<group>";
		};
		820D1DB01BC226830003CFAC /* Supporting Files */ = {
			isa = PBXGroup;
			children = (
				820D1DB11BC226830003CFAC /* Info.plist */,
			);
			name = "Supporting Files";
			sourceTree = "<group>";
		};
		820D1DBF1BC228480003CFAC /* Source */ = {
			isa = PBXGroup;
			children = (
				820D1DC01BC228480003CFAC /* Application */,
				820D1DC31BC228480003CFAC /* BaseClass */,
				820D1DC41BC228480003CFAC /* CodeClass */,
				820D1DCA1BC228480003CFAC /* DataBase */,
				820D1DCB1BC228480003CFAC /* EnNetWork */,
				820D1DCC1BC228480003CFAC /* Framework */,
				820D1DCD1BC228480003CFAC /* Global */,
				820D1DCE1BC228480003CFAC /* Helper */,
				820D1DCF1BC228480003CFAC /* Macro */,
				820D1DD41BC228480003CFAC /* Resources */,
				820D1DD51BC228480003CFAC /* TheThird */,
			);
			path = Source;
			sourceTree = "<group>";
		};
		820D1DC01BC228480003CFAC /* Application */ = {
			isa = PBXGroup;
			children = (
				820D1DC11BC228480003CFAC /* AppDelegate.h */,
				820D1DC21BC228480003CFAC /* AppDelegate.m */,
				C2B08AE81BC62EB9001E46F6 /* icon.png */,
			);
			path = Application;
			sourceTree = "<group>";
		};
		820D1DC31BC228480003CFAC /* BaseClass */ = {
			isa = PBXGroup;
			children = (
				82023FAC1BC3591A005EDB34 /* GetDataTools.h */,
				82023FAD1BC3591A005EDB34 /* GetDataTools.m */,
				82FE9FF41BC371D70013A051 /* MusicPlayTools.h */,
				82FE9FF51BC371D70013A051 /* MusicPlayTools.m */,
			);
			path = BaseClass;
			sourceTree = "<group>";
		};
		820D1DC41BC228480003CFAC /* CodeClass */ = {
			isa = PBXGroup;
			children = (
				820D1DC51BC228480003CFAC /* Controller */,
				820D1DC81BC228480003CFAC /* Model */,
				820D1DC91BC228480003CFAC /* View */,
			);
			path = CodeClass;
			sourceTree = "<group>";
		};
		820D1DC51BC228480003CFAC /* Controller */ = {
			isa = PBXGroup;
			children = (
				820D1DC61BC228480003CFAC /* MusicListTableViewController.h */,
				820D1DC71BC228480003CFAC /* MusicListTableViewController.m */,
				82FDCF711BC2635E00AF61A4 /* MusicPlayViewController.h */,
				82FDCF721BC2635E00AF61A4 /* MusicPlayViewController.m */,
				C2B313F41BCCA16C0058A011 /* LoginViewController.h */,
				C2B313F51BCCA16C0058A011 /* LoginViewController.m */,
				C2B313F71BCCA17F0058A011 /* RegisterViewController.h */,
				C2B313F81BCCA17F0058A011 /* RegisterViewController.m */,
				C2D7C0BF1BCB9D5F002F5AA9 /* musicplayimagea */,
			);
			path = Controller;
			sourceTree = "<group>";
		};
		820D1DC81BC228480003CFAC /* Model */ = {
			isa = PBXGroup;
			children = (
				82023FAF1BC35AE0005EDB34 /* MusicInfoModel.h */,
				82023FB01BC35AE0005EDB34 /* MusicInfoModel.m */,
				82023FB21BC35AEF005EDB34 /* MusicLyricModel.h */,
				82023FB31BC35AEF005EDB34 /* MusicLyricModel.m */,
				C2B314521BCD169A0058A011 /* User.h */,
				C2B314531BCD169A0058A011 /* User.m */,
			);
			path = Model;
			sourceTree = "<group>";
		};
		820D1DC91BC228480003CFAC /* View */ = {
			isa = PBXGroup;
			children = (
				82FDCF6C1BC2597100AF61A4 /* MusicListTableViewCell.h */,
				82FDCF6D1BC2597100AF61A4 /* MusicListTableViewCell.m */,
				82FDCF6E1BC2597100AF61A4 /* MusicListTableViewCell.xib */,
				82FDCF771BC269BE00AF61A4 /* MusicPlayView.h */,
				82FDCF781BC269BE00AF61A4 /* MusicPlayView.m */,
				C2B313F11BCCA14F0058A011 /* LoginView.h */,
				C2B313F21BCCA14F0058A011 /* LoginView.m */,
				C2B313EE1BCCA12D0058A011 /* RegisterView.h */,
				C2B313EF1BCCA12D0058A011 /* RegisterView.m */,
				C2B314381BCCE76D0058A011 /* login_button.png */,
				C2B314391BCCE76D0058A011 /* register_button.png */,
			);
			path = View;
			sourceTree = "<group>";
		};
		820D1DCA1BC228480003CFAC /* DataBase */ = {
			isa = PBXGroup;
			children = (
			);
			path = DataBase;
			sourceTree = "<group>";
		};
		820D1DCB1BC228480003CFAC /* EnNetWork */ = {
			isa = PBXGroup;
			children = (
			);
			path = EnNetWork;
			sourceTree = "<group>";
		};
		820D1DCC1BC228480003CFAC /* Framework */ = {
			isa = PBXGroup;
			children = (
			);
			path = Framework;
			sourceTree = "<group>";
		};
		820D1DCD1BC228480003CFAC /* Global */ = {
			isa = PBXGroup;
			children = (
			);
			path = Global;
			sourceTree = "<group>";
		};
		820D1DCE1BC228480003CFAC /* Helper */ = {
			isa = PBXGroup;
			children = (
			);
			path = Helper;
			sourceTree = "<group>";
		};
		820D1DCF1BC228480003CFAC /* Macro */ = {
			isa = PBXGroup;
			children = (
				820D1DD01BC228480003CFAC /* APPHeader.h */,
				820D1DD11BC228480003CFAC /* IMPHeader.h */,
				820D1DD21BC228480003CFAC /* KEYHeader.h */,
				820D1DD31BC228480003CFAC /* URLHeader.h */,
			);
			path = Macro;
			sourceTree = "<group>";
		};
		820D1DD41BC228480003CFAC /* Resources */ = {
			isa = PBXGroup;
			children = (
			);
			path = Resources;
			sourceTree = "<group>";
		};
		820D1DD51BC228480003CFAC /* TheThird */ = {
			isa = PBXGroup;
			children = (
				C2D7C18F1BCBE4BC002F5AA9 /* AVOSCloud */,
				C2D7C0511BCB98D7002F5AA9 /* UMSocial_Sdk_4.2.5 */,
				C2C717391BC4AAE900E6BACB /* SDWebImage */,
			);
			path = TheThird;
			sourceTree = "<group>";
		};
		C2C717391BC4AAE900E6BACB /* SDWebImage */ = {
			isa = PBXGroup;
			children = (
				C2C7173A1BC4AAE900E6BACB /* NSData+ImageContentType.h */,
				C2C7173B1BC4AAE900E6BACB /* NSData+ImageContentType.m */,
				C2C7173C1BC4AAE900E6BACB /* SDImageCache.h */,
				C2C7173D1BC4AAE900E6BACB /* SDImageCache.m */,
				C2C7173E1BC4AAE900E6BACB /* SDWebImageCompat.h */,
				C2C7173F1BC4AAE900E6BACB /* SDWebImageCompat.m */,
				C2C717401BC4AAE900E6BACB /* SDWebImageDecoder.h */,
				C2C717411BC4AAE900E6BACB /* SDWebImageDecoder.m */,
				C2C717421BC4AAE900E6BACB /* SDWebImageDownloader.h */,
				C2C717431BC4AAE900E6BACB /* SDWebImageDownloader.m */,
				C2C717441BC4AAE900E6BACB /* SDWebImageDownloaderOperation.h */,
				C2C717451BC4AAE900E6BACB /* SDWebImageDownloaderOperation.m */,
				C2C717461BC4AAE900E6BACB /* SDWebImageManager.h */,
				C2C717471BC4AAE900E6BACB /* SDWebImageManager.m */,
				C2C717481BC4AAE900E6BACB /* SDWebImageOperation.h */,
				C2C717491BC4AAE900E6BACB /* SDWebImagePrefetcher.h */,
				C2C7174A1BC4AAE900E6BACB /* SDWebImagePrefetcher.m */,
				C2C7174B1BC4AAE900E6BACB /* UIButton+WebCache.h */,
				C2C7174C1BC4AAE900E6BACB /* UIButton+WebCache.m */,
				C2C7174D1BC4AAE900E6BACB /* UIImage+GIF.h */,
				C2C7174E1BC4AAE900E6BACB /* UIImage+GIF.m */,
				C2C7174F1BC4AAE900E6BACB /* UIImage+MultiFormat.h */,
				C2C717501BC4AAE900E6BACB /* UIImage+MultiFormat.m */,
				C2C717511BC4AAE900E6BACB /* UIImageView+HighlightedWebCache.h */,
				C2C717521BC4AAE900E6BACB /* UIImageView+HighlightedWebCache.m */,
				C2C717531BC4AAE900E6BACB /* UIImageView+WebCache.h */,
				C2C717541BC4AAE900E6BACB /* UIImageView+WebCache.m */,
				C2C717551BC4AAE900E6BACB /* UIView+WebCacheOperation.h */,
				C2C717561BC4AAE900E6BACB /* UIView+WebCacheOperation.m */,
			);
			path = SDWebImage;
			sourceTree = "<group>";
		};
		C2D7C0511BCB98D7002F5AA9 /* UMSocial_Sdk_4.2.5 */ = {
			isa = PBXGroup;
			children = (
				C2D7C0521BCB98D7002F5AA9 /* UMSocialLocalizable.strings */,
				C2D7C0541BCB98D7002F5AA9 /* Header */,
				C2D7C0601BCB98D7002F5AA9 /* libUMSocial_Sdk_4.2.5.a */,
				C2D7C0611BCB98D7002F5AA9 /* SocialSDKXib */,
				C2D7C06A1BCB98D7002F5AA9 /* UMSocialSDKResourcesNew.bundle */,
			);
			path = UMSocial_Sdk_4.2.5;
			sourceTree = "<group>";
		};
		C2D7C0541BCB98D7002F5AA9 /* Header */ = {
			isa = PBXGroup;
			children = (
				C2D7C0551BCB98D7002F5AA9 /* UMSocial.h */,
				C2D7C0561BCB98D7002F5AA9 /* UMSocialAccountManager.h */,
				C2D7C0571BCB98D7002F5AA9 /* UMSocialBar.h */,
				C2D7C0581BCB98D7002F5AA9 /* UMSocialConfig.h */,
				C2D7C0591BCB98D7002F5AA9 /* UMSocialControllerService.h */,
				C2D7C05A1BCB98D7002F5AA9 /* UMSocialControllerServiceComment.h */,
				C2D7C05B1BCB98D7002F5AA9 /* UMSocialData.h */,
				C2D7C05C1BCB98D7002F5AA9 /* UMSocialDataService.h */,
				C2D7C05D1BCB98D7002F5AA9 /* UMSocialSnsData.h */,
				C2D7C05E1BCB98D7002F5AA9 /* UMSocialSnsPlatformManager.h */,
				C2D7C05F1BCB98D7002F5AA9 /* UMSocialSnsService.h */,
			);
			path = Header;
			sourceTree = "<group>";
		};
		C2D7C0611BCB98D7002F5AA9 /* SocialSDKXib */ = {
			isa = PBXGroup;
			children = (
				C2D7C0621BCB98D7002F5AA9 /* UMSCommentDetailController.xib */,
				C2D7C0631BCB98D7002F5AA9 /* UMSCommentInputController.xib */,
				C2D7C0641BCB98D7002F5AA9 /* UMSCommentInputControlleriPad.xib */,
				C2D7C0651BCB98D7002F5AA9 /* UMShareEditViewController.xib */,
				C2D7C0661BCB98D7002F5AA9 /* UMShareEditViewControlleriPad.xib */,
				C2D7C0671BCB98D7002F5AA9 /* UMSLoginViewController.xib */,
				C2D7C0681BCB98D7002F5AA9 /* UMSnsAccountViewController.xib */,
				C2D7C0691BCB98D7002F5AA9 /* UMSShareListController.xib */,
			);
			path = SocialSDKXib;
			sourceTree = "<group>";
		};
		C2D7C0BF1BCB9D5F002F5AA9 /* musicplayimagea */ = {
			isa = PBXGroup;
			children = (
				C2B3144E1BCD027B0058A011 /* icons-list.png */,
				C2B3144F1BCD027B0058A011 /* icons-pass.png */,
				C2D7C0C01BCB9D7B002F5AA9 /* icons-collectdelete.png */,
				C2D7C0C11BCB9D7B002F5AA9 /* icons-genghuanpifu.png */,
				C2D7C0C21BCB9D7B002F5AA9 /* icons-add.png */,
				C2D7C0C31BCB9D7B002F5AA9 /* icons-adjust.png */,
				C2D7C0C41BCB9D7B002F5AA9 /* icons-cancel.png */,
				C2D7C0C51BCB9D7B002F5AA9 /* icons-circulate.png */,
				C2D7C0C61BCB9D7B002F5AA9 /* icons-collect.png */,
				C2D7C0C71BCB9D7B002F5AA9 /* icons-delete.png */,
				C2B314461BCD01DB0058A011 /* icons-next.png */,
				C2B314471BCD01DB0058A011 /* icons-play.png */,
				C2B314481BCD01DB0058A011 /* icons-last.png */,
				C2B314491BCD01DB0058A011 /* icons-pause.png */,
				C2D7C0C81BCB9D7B002F5AA9 /* icons-download.png */,
				C2D7C0CA1BCB9D7B002F5AA9 /* icons-leason.png */,
				C2D7C0CC1BCB9D7B002F5AA9 /* icons-loadin.png */,
				C2D7C0CD1BCB9D7B002F5AA9 /* icons-main.png */,
				C2D7C0D21BCB9D7B002F5AA9 /* icons-random.png */,
				C2D7C0D31BCB9D7B002F5AA9 /* icons-scan.png */,
				C2D7C0D41BCB9D7B002F5AA9 /* icons-search.png */,
				C2D7C0D51BCB9D7B002F5AA9 /* icons-set.png */,
				C2D7C0D61BCB9D7B002F5AA9 /* icons-share.png */,
				C2D7C0D71BCB9D7B002F5AA9 /* icons-single.png */,
				C2D7C0D81BCB9D7B002F5AA9 /* icons-times.png */,
				C2D7C0D91BCB9D7B002F5AA9 /* icons-vip.png */,
				C2D7C0DA1BCB9D7B002F5AA9 /* icons-voice.png */,
			);
			name = musicplayimagea;
			sourceTree = "<group>";
		};
		C2D7C18F1BCBE4BC002F5AA9 /* AVOSCloud */ = {
			isa = PBXGroup;
			children = (
				C2D7C1901BCBE4BC002F5AA9 /* AVOSCloud.framework */,
			);
			name = AVOSCloud;
			path = ../../AVOSCloud;
			sourceTree = "<group>";
		};
/* End PBXGroup section */

/* Begin PBXNativeTarget section */
		820D1D921BC226830003CFAC /* MusicPlayer */ = {
			isa = PBXNativeTarget;
			buildConfigurationList = 820D1DB61BC226830003CFAC /* Build configuration list for PBXNativeTarget "MusicPlayer" */;
			buildPhases = (
				820D1D8F1BC226830003CFAC /* Sources */,
				820D1D901BC226830003CFAC /* Frameworks */,
				820D1D911BC226830003CFAC /* Resources */,
				C2D7C1941BCBE4EE002F5AA9 /* Embed Frameworks */,
			);
			buildRules = (
			);
			dependencies = (
			);
			name = MusicPlayer;
			productName = MusicPlayer;
			productReference = 820D1D931BC226830003CFAC /* MusicPlayer.app */;
			productType = "com.apple.product-type.application";
		};
		820D1DAB1BC226830003CFAC /* MusicPlayerTests */ = {
			isa = PBXNativeTarget;
			buildConfigurationList = 820D1DB91BC226830003CFAC /* Build configuration list for PBXNativeTarget "MusicPlayerTests" */;
			buildPhases = (
				820D1DA81BC226830003CFAC /* Sources */,
				820D1DA91BC226830003CFAC /* Frameworks */,
				820D1DAA1BC226830003CFAC /* Resources */,
			);
			buildRules = (
			);
			dependencies = (
				820D1DAE1BC226830003CFAC /* PBXTargetDependency */,
			);
			name = MusicPlayerTests;
			productName = MusicPlayerTests;
			productReference = 820D1DAC1BC226830003CFAC /* MusicPlayerTests.xctest */;
			productType = "com.apple.product-type.bundle.unit-test";
		};
/* End PBXNativeTarget section */

/* Begin PBXProject section */
		820D1D8B1BC226830003CFAC /* Project object */ = {
			isa = PBXProject;
			attributes = {
				LastUpgradeCheck = 0640;
				ORGANIZATIONNAME = "李志强";
				TargetAttributes = {
					820D1D921BC226830003CFAC = {
						CreatedOnToolsVersion = 6.4;
					};
					820D1DAB1BC226830003CFAC = {
						CreatedOnToolsVersion = 6.4;
						TestTargetID = 820D1D921BC226830003CFAC;
					};
				};
			};
			buildConfigurationList = 820D1D8E1BC226830003CFAC /* Build configuration list for PBXProject "MusicPlayer" */;
			compatibilityVersion = "Xcode 3.2";
			developmentRegion = English;
			hasScannedForEncodings = 0;
			knownRegions = (
				en,
				Base,
				"zh-Hans",
			);
			mainGroup = 820D1D8A1BC226830003CFAC;
			productRefGroup = 820D1D941BC226830003CFAC /* Products */;
			projectDirPath = "";
			projectRoot = "";
			targets = (
				820D1D921BC226830003CFAC /* MusicPlayer */,
				820D1DAB1BC226830003CFAC /* MusicPlayerTests */,
			);
		};
/* End PBXProject section */

/* Begin PBXResourcesBuildPhase section */
		820D1D911BC226830003CFAC /* Resources */ = {
			isa = PBXResourcesBuildPhase;
			buildActionMask = 2147483647;
			files = (
				820D1DA21BC226830003CFAC /* Main.storyboard in Resources */,
				C2B3143B1BCCE76D0058A011 /* register_button.png in Resources */,
				C2D7C0EE1BCB9D7B002F5AA9 /* icons-scan.png in Resources */,
				C2D7C0721BCB98D7002F5AA9 /* UMShareEditViewControlleriPad.xib in Resources */,
				C2D7C0DE1BCB9D7B002F5AA9 /* icons-adjust.png in Resources */,
				C2B314501BCD027B0058A011 /* icons-list.png in Resources */,
				C2B08AE91BC62EB9001E46F6 /* icon.png in Resources */,
				C2D7C0E51BCB9D7B002F5AA9 /* icons-leason.png in Resources */,
				820D1DA71BC226830003CFAC /* LaunchScreen.xib in Resources */,
				C2D7C0751BCB98D7002F5AA9 /* UMSShareListController.xib in Resources */,
				C2B3143A1BCCE76D0058A011 /* login_button.png in Resources */,
				C2D7C0731BCB98D7002F5AA9 /* UMSLoginViewController.xib in Resources */,
				C2D7C0DB1BCB9D7B002F5AA9 /* icons-collectdelete.png in Resources */,
				C2D7C0DD1BCB9D7B002F5AA9 /* icons-add.png in Resources */,
				820D1DA41BC226830003CFAC /* Images.xcassets in Resources */,
				82FDCF701BC2597100AF61A4 /* MusicListTableViewCell.xib in Resources */,
				C2D7C0E31BCB9D7B002F5AA9 /* icons-download.png in Resources */,
				C2D7C0F51BCB9D7B002F5AA9 /* icons-voice.png in Resources */,
				C2D7C06F1BCB98D7002F5AA9 /* UMSCommentInputController.xib in Resources */,
				C2D7C0E71BCB9D7B002F5AA9 /* icons-loadin.png in Resources */,
				C2B3144D1BCD01DB0058A011 /* icons-pause.png in Resources */,
				C2D7C0E81BCB9D7B002F5AA9 /* icons-main.png in Resources */,
				C2D7C0F21BCB9D7B002F5AA9 /* icons-single.png in Resources */,
				C2D7C0E11BCB9D7B002F5AA9 /* icons-collect.png in Resources */,
				C2D7C0761BCB98D7002F5AA9 /* UMSocialSDKResourcesNew.bundle in Resources */,
				C2D7C06E1BCB98D7002F5AA9 /* UMSCommentDetailController.xib in Resources */,
				C2D7C0711BCB98D7002F5AA9 /* UMShareEditViewController.xib in Resources */,
				C2D7C0F11BCB9D7B002F5AA9 /* icons-share.png in Resources */,
				C2D7C0EF1BCB9D7B002F5AA9 /* icons-search.png in Resources */,
				C2B314511BCD027B0058A011 /* icons-pass.png in Resources */,
				C2D7C0ED1BCB9D7B002F5AA9 /* icons-random.png in Resources */,
				C2B3144C1BCD01DB0058A011 /* icons-last.png in Resources */,
				C2D7C0DF1BCB9D7B002F5AA9 /* icons-cancel.png in Resources */,
				C2D7C0F31BCB9D7B002F5AA9 /* icons-times.png in Resources */,
				C2B3144A1BCD01DB0058A011 /* icons-next.png in Resources */,
				C2D7C0F01BCB9D7B002F5AA9 /* icons-set.png in Resources */,
				C2B3144B1BCD01DB0058A011 /* icons-play.png in Resources */,
				C2D7C0DC1BCB9D7B002F5AA9 /* icons-genghuanpifu.png in Resources */,
				C2D7C0F41BCB9D7B002F5AA9 /* icons-vip.png in Resources */,
				C2D7C0701BCB98D7002F5AA9 /* UMSCommentInputControlleriPad.xib in Resources */,
				C2D7C0E01BCB9D7B002F5AA9 /* icons-circulate.png in Resources */,
				C2D7C06C1BCB98D7002F5AA9 /* UMSocialLocalizable.strings in Resources */,
				C2D7C0741BCB98D7002F5AA9 /* UMSnsAccountViewController.xib in Resources */,
				C2D7C0E21BCB9D7B002F5AA9 /* icons-delete.png in Resources */,
			);
			runOnlyForDeploymentPostprocessing = 0;
		};
		820D1DAA1BC226830003CFAC /* Resources */ = {
			isa = PBXResourcesBuildPhase;
			buildActionMask = 2147483647;
			files = (
			);
			runOnlyForDeploymentPostprocessing = 0;
		};
/* End PBXResourcesBuildPhase section */

/* Begin PBXSourcesBuildPhase section */
		820D1D8F1BC226830003CFAC /* Sources */ = {
			isa = PBXSourcesBuildPhase;
			buildActionMask = 2147483647;
			files = (
				C2C7175A1BC4AAE900E6BACB /* SDWebImageDecoder.m in Sources */,
				82FDCF731BC2635E00AF61A4 /* MusicPlayViewController.m in Sources */,
				C2C7175C1BC4AAE900E6BACB /* SDWebImageDownloaderOperation.m in Sources */,
				C2C7175D1BC4AAE900E6BACB /* SDWebImageManager.m in Sources */,
				C2C717641BC4AAE900E6BACB /* UIView+WebCacheOperation.m in Sources */,
				C2B313F61BCCA16C0058A011 /* LoginViewController.m in Sources */,
				82023FB11BC35AE0005EDB34 /* MusicInfoModel.m in Sources */,
				820D1DD61BC228480003CFAC /* AppDelegate.m in Sources */,
				C2C717621BC4AAE900E6BACB /* UIImageView+HighlightedWebCache.m in Sources */,
				C2C7175B1BC4AAE900E6BACB /* SDWebImageDownloader.m in Sources */,
				82FE9FF61BC371D70013A051 /* MusicPlayTools.m in Sources */,
				C2B313F91BCCA17F0058A011 /* RegisterViewController.m in Sources */,
				C2C717591BC4AAE900E6BACB /* SDWebImageCompat.m in Sources */,
				C2C7175E1BC4AAE900E6BACB /* SDWebImagePrefetcher.m in Sources */,
				C2C717611BC4AAE900E6BACB /* UIImage+MultiFormat.m in Sources */,
				820D1D991BC226830003CFAC /* main.m in Sources */,
				820D1DD71BC228480003CFAC /* MusicListTableViewController.m in Sources */,
				C2C7175F1BC4AAE900E6BACB /* UIButton+WebCache.m in Sources */,
				82FDCF791BC269BE00AF61A4 /* MusicPlayView.m in Sources */,
				C2C717581BC4AAE900E6BACB /* SDImageCache.m in Sources */,
				82FDCF6F1BC2597100AF61A4 /* MusicListTableViewCell.m in Sources */,
				82023FB41BC35AEF005EDB34 /* MusicLyricModel.m in Sources */,
				C2B313F01BCCA12D0058A011 /* RegisterView.m in Sources */,
				82023FAE1BC3591A005EDB34 /* GetDataTools.m in Sources */,
				C2B314541BCD169A0058A011 /* User.m in Sources */,
				C2C717601BC4AAE900E6BACB /* UIImage+GIF.m in Sources */,
				C2C717631BC4AAE900E6BACB /* UIImageView+WebCache.m in Sources */,
				C2B313F31BCCA14F0058A011 /* LoginView.m in Sources */,
				C2C717571BC4AAE900E6BACB /* NSData+ImageContentType.m in Sources */,
			);
			runOnlyForDeploymentPostprocessing = 0;
		};
		820D1DA81BC226830003CFAC /* Sources */ = {
			isa = PBXSourcesBuildPhase;
			buildActionMask = 2147483647;
			files = (
				820D1DB31BC226830003CFAC /* MusicPlayerTests.m in Sources */,
			);
			runOnlyForDeploymentPostprocessing = 0;
		};
/* End PBXSourcesBuildPhase section */

/* Begin PBXTargetDependency section */
		820D1DAE1BC226830003CFAC /* PBXTargetDependency */ = {
			isa = PBXTargetDependency;
			target = 820D1D921BC226830003CFAC /* MusicPlayer */;
			targetProxy = 820D1DAD1BC226830003CFAC /* PBXContainerItemProxy */;
		};
/* End PBXTargetDependency section */

/* Begin PBXVariantGroup section */
		820D1DA01BC226830003CFAC /* Main.storyboard */ = {
			isa = PBXVariantGroup;
			children = (
				820D1DA11BC226830003CFAC /* Base */,
			);
			name = Main.storyboard;
			sourceTree = "<group>";
		};
		820D1DA51BC226830003CFAC /* LaunchScreen.xib */ = {
			isa = PBXVariantGroup;
			children = (
				820D1DA61BC226830003CFAC /* Base */,
			);
			name = LaunchScreen.xib;
			sourceTree = "<group>";
		};
		C2D7C0521BCB98D7002F5AA9 /* UMSocialLocalizable.strings */ = {
			isa = PBXVariantGroup;
			children = (
				C2D7C0531BCB98D7002F5AA9 /* en */,
				C2D7C06B1BCB98D7002F5AA9 /* zh-Hans */,
			);
			name = UMSocialLocalizable.strings;
			sourceTree = "<group>";
		};
/* End PBXVariantGroup section */

/* Begin XCBuildConfiguration section */
		820D1DB41BC226830003CFAC /* Debug */ = {
			isa = XCBuildConfiguration;
			buildSettings = {
				ALWAYS_SEARCH_USER_PATHS = NO;
				CLANG_CXX_LANGUAGE_STANDARD = "gnu++0x";
				CLANG_CXX_LIBRARY = "libc++";
				CLANG_ENABLE_MODULES = YES;
				CLANG_ENABLE_OBJC_ARC = YES;
				CLANG_WARN_BOOL_CONVERSION = YES;
				CLANG_WARN_CONSTANT_CONVERSION = YES;
				CLANG_WARN_DIRECT_OBJC_ISA_USAGE = YES_ERROR;
				CLANG_WARN_EMPTY_BODY = YES;
				CLANG_WARN_ENUM_CONVERSION = YES;
				CLANG_WARN_INT_CONVERSION = YES;
				CLANG_WARN_OBJC_ROOT_CLASS = YES_ERROR;
				CLANG_WARN_UNREACHABLE_CODE = YES;
				CLANG_WARN__DUPLICATE_METHOD_MATCH = YES;
				"CODE_SIGN_IDENTITY[sdk=iphoneos*]" = "iPhone Developer";
				COPY_PHASE_STRIP = NO;
				DEBUG_INFORMATION_FORMAT = "dwarf-with-dsym";
				ENABLE_STRICT_OBJC_MSGSEND = YES;
				GCC_C_LANGUAGE_STANDARD = gnu99;
				GCC_DYNAMIC_NO_PIC = NO;
				GCC_NO_COMMON_BLOCKS = YES;
				GCC_OPTIMIZATION_LEVEL = 0;
				GCC_PREPROCESSOR_DEFINITIONS = (
					"DEBUG=1",
					"$(inherited)",
				);
				GCC_SYMBOLS_PRIVATE_EXTERN = NO;
				GCC_WARN_64_TO_32_BIT_CONVERSION = YES;
				GCC_WARN_ABOUT_RETURN_TYPE = YES_ERROR;
				GCC_WARN_UNDECLARED_SELECTOR = YES;
				GCC_WARN_UNINITIALIZED_AUTOS = YES_AGGRESSIVE;
				GCC_WARN_UNUSED_FUNCTION = YES;
				GCC_WARN_UNUSED_VARIABLE = YES;
				IPHONEOS_DEPLOYMENT_TARGET = 8.4;
				MTL_ENABLE_DEBUG_INFO = YES;
				ONLY_ACTIVE_ARCH = YES;
				SDKROOT = iphoneos;
			};
			name = Debug;
		};
		820D1DB51BC226830003CFAC /* Release */ = {
			isa = XCBuildConfiguration;
			buildSettings = {
				ALWAYS_SEARCH_USER_PATHS = NO;
				CLANG_CXX_LANGUAGE_STANDARD = "gnu++0x";
				CLANG_CXX_LIBRARY = "libc++";
				CLANG_ENABLE_MODULES = YES;
				CLANG_ENABLE_OBJC_ARC = YES;
				CLANG_WARN_BOOL_CONVERSION = YES;
				CLANG_WARN_CONSTANT_CONVERSION = YES;
				CLANG_WARN_DIRECT_OBJC_ISA_USAGE = YES_ERROR;
				CLANG_WARN_EMPTY_BODY = YES;
				CLANG_WARN_ENUM_CONVERSION = YES;
				CLANG_WARN_INT_CONVERSION = YES;
				CLANG_WARN_OBJC_ROOT_CLASS = YES_ERROR;
				CLANG_WARN_UNREACHABLE_CODE = YES;
				CLANG_WARN__DUPLICATE_METHOD_MATCH = YES;
				"CODE_SIGN_IDENTITY[sdk=iphoneos*]" = "iPhone Developer";
				COPY_PHASE_STRIP = NO;
				DEBUG_INFORMATION_FORMAT = "dwarf-with-dsym";
				ENABLE_NS_ASSERTIONS = NO;
				ENABLE_STRICT_OBJC_MSGSEND = YES;
				GCC_C_LANGUAGE_STANDARD = gnu99;
				GCC_NO_COMMON_BLOCKS = YES;
				GCC_WARN_64_TO_32_BIT_CONVERSION = YES;
				GCC_WARN_ABOUT_RETURN_TYPE = YES_ERROR;
				GCC_WARN_UNDECLARED_SELECTOR = YES;
				GCC_WARN_UNINITIALIZED_AUTOS = YES_AGGRESSIVE;
				GCC_WARN_UNUSED_FUNCTION = YES;
				GCC_WARN_UNUSED_VARIABLE = YES;
				IPHONEOS_DEPLOYMENT_TARGET = 8.4;
				MTL_ENABLE_DEBUG_INFO = NO;
				SDKROOT = iphoneos;
				VALIDATE_PRODUCT = YES;
			};
			name = Release;
		};
		820D1DB71BC226830003CFAC /* Debug */ = {
			isa = XCBuildConfiguration;
			buildSettings = {
				ASSETCATALOG_COMPILER_APPICON_NAME = AppIcon;
				FRAMEWORK_SEARCH_PATHS = (
					"$(inherited)",
					"$(PROJECT_DIR)/MusicPlayer/AVOSCloud",
				);
				GCC_PRECOMPILE_PREFIX_HEADER = YES;
				GCC_PREFIX_HEADER = "$(SRCROOT)/MusicPlayer/MusicPlayerPCH.pch";
				INFOPLIST_FILE = MusicPlayer/Info.plist;
				IPHONEOS_DEPLOYMENT_TARGET = 8.0;
				LD_RUNPATH_SEARCH_PATHS = "$(inherited) @executable_path/Frameworks";
				LIBRARY_SEARCH_PATHS = (
					"$(inherited)",
					"$(PROJECT_DIR)/MusicPlayer/Source/TheThird/UMSocial_Sdk_4.2.5",
				);
				OTHER_LDFLAGS = "-objc";
				PRODUCT_NAME = "$(TARGET_NAME)";
			};
			name = Debug;
		};
		820D1DB81BC226830003CFAC /* Release */ = {
			isa = XCBuildConfiguration;
			buildSettings = {
				ASSETCATALOG_COMPILER_APPICON_NAME = AppIcon;
				FRAMEWORK_SEARCH_PATHS = (
					"$(inherited)",
					"$(PROJECT_DIR)/MusicPlayer/AVOSCloud",
				);
				GCC_PRECOMPILE_PREFIX_HEADER = YES;
				GCC_PREFIX_HEADER = "$(SRCROOT)/MusicPlayer/MusicPlayerPCH.pch";
				INFOPLIST_FILE = MusicPlayer/Info.plist;
				IPHONEOS_DEPLOYMENT_TARGET = 8.0;
				LD_RUNPATH_SEARCH_PATHS = "$(inherited) @executable_path/Frameworks";
				LIBRARY_SEARCH_PATHS = (
					"$(inherited)",
					"$(PROJECT_DIR)/MusicPlayer/Source/TheThird/UMSocial_Sdk_4.2.5",
				);
				OTHER_LDFLAGS = "-objc";
				PRODUCT_NAME = "$(TARGET_NAME)";
			};
			name = Release;
		};
		820D1DBA1BC226830003CFAC /* Debug */ = {
			isa = XCBuildConfiguration;
			buildSettings = {
				BUNDLE_LOADER = "$(TEST_HOST)";
				FRAMEWORK_SEARCH_PATHS = (
					"$(SDKROOT)/Developer/Library/Frameworks",
					"$(inherited)",
				);
				GCC_PREPROCESSOR_DEFINITIONS = (
					"DEBUG=1",
					"$(inherited)",
				);
				INFOPLIST_FILE = MusicPlayerTests/Info.plist;
				LD_RUNPATH_SEARCH_PATHS = "$(inherited) @executable_path/Frameworks @loader_path/Frameworks";
				PRODUCT_NAME = "$(TARGET_NAME)";
				TEST_HOST = "$(BUILT_PRODUCTS_DIR)/MusicPlayer.app/MusicPlayer";
			};
			name = Debug;
		};
		820D1DBB1BC226830003CFAC /* Release */ = {
			isa = XCBuildConfiguration;
			buildSettings = {
				BUNDLE_LOADER = "$(TEST_HOST)";
				FRAMEWORK_SEARCH_PATHS = (
					"$(SDKROOT)/Developer/Library/Frameworks",
					"$(inherited)",
				);
				INFOPLIST_FILE = MusicPlayerTests/Info.plist;
				LD_RUNPATH_SEARCH_PATHS = "$(inherited) @executable_path/Frameworks @loader_path/Frameworks";
				PRODUCT_NAME = "$(TARGET_NAME)";
				TEST_HOST = "$(BUILT_PRODUCTS_DIR)/MusicPlayer.app/MusicPlayer";
			};
			name = Release;
		};
/* End XCBuildConfiguration section */

/* Begin XCConfigurationList section */
		820D1D8E1BC226830003CFAC /* Build configuration list for PBXProject "MusicPlayer" */ = {
			isa = XCConfigurationList;
			buildConfigurations = (
				820D1DB41BC226830003CFAC /* Debug */,
				820D1DB51BC226830003CFAC /* Release */,
			);
			defaultConfigurationIsVisible = 0;
			defaultConfigurationName = Release;
		};
		820D1DB61BC226830003CFAC /* Build configuration list for PBXNativeTarget "MusicPlayer" */ = {
			isa = XCConfigurationList;
			buildConfigurations = (
				820D1DB71BC226830003CFAC /* Debug */,
				820D1DB81BC226830003CFAC /* Release */,
			);
			defaultConfigurationIsVisible = 0;
			defaultConfigurationName = Release;
		};
		820D1DB91BC226830003CFAC /* Build configuration list for PBXNativeTarget "MusicPlayerTests" */ = {
			isa = XCConfigurationList;
			buildConfigurations = (
				820D1DBA1BC226830003CFAC /* Debug */,
				820D1DBB1BC226830003CFAC /* Release */,
			);
			defaultConfigurationIsVisible = 0;
			defaultConfigurationName = Release;
		};
/* End XCConfigurationList section */
	};
	rootObject = 820D1D8B1BC226830003CFAC /* Project object */;
}
